
Microsoft Visual Studio Solution File, Format Version 12.00
Project("{FAE04EC0-301F-11D3-BF4B-00C04F79EFBC}") = "BulkyBookWeb", "BulkyBookWeb\BulkyBookWeb.csproj", "{FF147CD0-CC41-4FB9-8948-37A9CB8B4CE7}"
EndProject
Global
	GlobalSection(SolutionConfigurationPlatforms) = preSolution
		Debug|Any CPU = Debug|Any CPU
		Release|Any CPU = Release|Any CPU
	EndGlobalSection
	GlobalSection(ProjectConfigurationPlatforms) = postSolution
		{FF147CD0-CC41-4FB9-8948-37A9CB8B4CE7}.Debug|Any CPU.ActiveCfg = Debug|Any CPU
		{FF147CD0-CC41-4FB9-8948-37A9CB8B4CE7}.Debug|Any CPU.Build.0 = Debug|Any CPU
		{FF147CD0-CC41-4FB9-8948-37A9CB8B4CE7}.Release|Any CPU.ActiveCfg = Release|Any CPU
		{FF147CD0-CC41-4FB9-8948-37A9CB8B4CE7}.Release|Any CPU.Build.0 = Release|Any CPU
	EndGlobalSection
EndGlobal
